
Microsoft Visual Studio Solution File, Format Version 12.00
# Visual Studio Version 16
VisualStudioVersion = 16.0.34729.46
MinimumVisualStudioVersion = 10.0.40219.1
Project("{FAE04EC0-301F-11D3-BF4B-00C04F79EFBC}") = "HelloWorld", "HelloWorld\HelloWorld.csproj", "{CACB3D7D-1D92-4429-8199-D9BC40402A64}"
EndProject
Global
	GlobalSection(SolutionConfigurationPlatforms) = preSolution
		Debug|Any CPU = Debug|Any CPU
		Release|Any CPU = Release|Any CPU
	EndGlobalSection
	GlobalSection(ProjectConfigurationPlatforms) = postSolution
		{CACB3D7D-1D92-4429-8199-D9BC40402A64}.Debug|Any CPU.ActiveCfg = Debug|Any CPU
		{CACB3D7D-1D92-4429-8199-D9BC40402A64}.Debug|Any CPU.Build.0 = Debug|Any CPU
		{CACB3D7D-1D92-4429-8199-D9BC40402A64}.Release|Any CPU.ActiveCfg = Release|Any CPU
		{CACB3D7D-1D92-4429-8199-D9BC40402A64}.Release|Any CPU.Build.0 = Release|Any CPU
	EndGlobalSection
	GlobalSection(SolutionProperties) = preSolution
		HideSolutionNode = FALSE
	EndGlobalSection
	GlobalSection(ExtensibilityGlobals) = postSolution
		SolutionGuid = {F88C4A02-C5A0-49D1-9951-5EA9EFEB496A}
	EndGlobalSection
EndGlobal
